
Microsoft Visual Studio Solution File, Format Version 12.00
# Visual Studio Version 17
VisualStudioVersion = 17.8.34511.84
MinimumVisualStudioVersion = 10.0.40219.1
Project("{FAE04EC0-301F-11D3-BF4B-00C04F79EFBC}") = "ConsoleQuiz", "ConsoleQuiz.csproj", "{D0A488C0-6ACA-421A-8A73-ABC605223EB6}"
EndProject
Global
	GlobalSection(SolutionConfigurationPlatforms) = preSolution
		Debug|Any CPU = Debug|Any CPU
		Release|Any CPU = Release|Any CPU
	EndGlobalSection
	GlobalSection(ProjectConfigurationPlatforms) = postSolution
		{D0A488C0-6ACA-421A-8A73-ABC605223EB6}.Debug|Any CPU.ActiveCfg = Debug|Any CPU
		{D0A488C0-6ACA-421A-8A73-ABC605223EB6}.Debug|Any CPU.Build.0 = Debug|Any CPU
		{D0A488C0-6ACA-421A-8A73-ABC605223EB6}.Release|Any CPU.ActiveCfg = Release|Any CPU
		{D0A488C0-6ACA-421A-8A73-ABC605223EB6}.Release|Any CPU.Build.0 = Release|Any CPU
	EndGlobalSection
	GlobalSection(SolutionProperties) = preSolution
		HideSolutionNode = FALSE
	EndGlobalSection
	GlobalSection(ExtensibilityGlobals) = postSolution
		SolutionGuid = {FA45F86F-8E4C-430E-AA6A-0A9283E931A8}
	EndGlobalSection
EndGlobal
